
Microsoft Visual Studio Solution File, Format Version 12.00
# Visual Studio Version 17
VisualStudioVersion = 17.13.35818.85
MinimumVisualStudioVersion = 10.0.40219.1
Project("{FAE04EC0-301F-11D3-BF4B-00C04F79EFBC}") = "SimplyLabTools.PostgresClient", "SimplyLabTools.PostgresClient\SimplyLabTools.PostgresClient.csproj", "{FD6BC3F5-299E-45BA-AF98-45249110AD11}"
EndProject
Project("{FAE04EC0-301F-11D3-BF4B-00C04F79EFBC}") = "GrpcService", "GrpcService\GrpcService.csproj", "{F67953A9-D12E-4A44-864F-8DA03E841A1B}"
EndProject
Project("{E53339B2-1760-4266-BCC7-CA923CBCF16C}") = "docker-compose", "docker-compose.dcproj", "{81DDED9D-158B-E303-5F62-77A2896D2A5A}"
EndProject
Global
	GlobalSection(SolutionConfigurationPlatforms) = preSolution
		Debug|Any CPU = Debug|Any CPU
		Release|Any CPU = Release|Any CPU
	EndGlobalSection
	GlobalSection(ProjectConfigurationPlatforms) = postSolution
		{FD6BC3F5-299E-45BA-AF98-45249110AD11}.Debug|Any CPU.ActiveCfg = Debug|Any CPU
		{FD6BC3F5-299E-45BA-AF98-45249110AD11}.Debug|Any CPU.Build.0 = Debug|Any CPU
		{FD6BC3F5-299E-45BA-AF98-45249110AD11}.Release|Any CPU.ActiveCfg = Release|Any CPU
		{FD6BC3F5-299E-45BA-AF98-45249110AD11}.Release|Any CPU.Build.0 = Release|Any CPU
		{F67953A9-D12E-4A44-864F-8DA03E841A1B}.Debug|Any CPU.ActiveCfg = Debug|Any CPU
		{F67953A9-D12E-4A44-864F-8DA03E841A1B}.Debug|Any CPU.Build.0 = Debug|Any CPU
		{F67953A9-D12E-4A44-864F-8DA03E841A1B}.Release|Any CPU.ActiveCfg = Release|Any CPU
		{F67953A9-D12E-4A44-864F-8DA03E841A1B}.Release|Any CPU.Build.0 = Release|Any CPU
		{81DDED9D-158B-E303-5F62-77A2896D2A5A}.Debug|Any CPU.ActiveCfg = Debug|Any CPU
		{81DDED9D-158B-E303-5F62-77A2896D2A5A}.Debug|Any CPU.Build.0 = Debug|Any CPU
		{81DDED9D-158B-E303-5F62-77A2896D2A5A}.Release|Any CPU.ActiveCfg = Release|Any CPU
		{81DDED9D-158B-E303-5F62-77A2896D2A5A}.Release|Any CPU.Build.0 = Release|Any CPU
	EndGlobalSection
	GlobalSection(SolutionProperties) = preSolution
		HideSolutionNode = FALSE
	EndGlobalSection
	GlobalSection(ExtensibilityGlobals) = postSolution
		SolutionGuid = {F7FB06EB-7429-4136-ACC1-4C4FD57E4613}
	EndGlobalSection
EndGlobal
